
Microsoft Visual Studio Solution File, Format Version 12.00
# Visual Studio Version 16
VisualStudioVersion = 16.0.34301.259
MinimumVisualStudioVersion = 10.0.40219.1
Project("{FAE04EC0-301F-11D3-BF4B-00C04F79EFBC}") = "Metro station", "Metro station\Metro station.csproj", "{7E5D7BD6-4C9C-4DC6-B266-31F2F44C3926}"
EndProject
Global
	GlobalSection(SolutionConfigurationPlatforms) = preSolution
		Debug|Any CPU = Debug|Any CPU
		Release|Any CPU = Release|Any CPU
	EndGlobalSection
	GlobalSection(ProjectConfigurationPlatforms) = postSolution
		{7E5D7BD6-4C9C-4DC6-B266-31F2F44C3926}.Debug|Any CPU.ActiveCfg = Debug|Any CPU
		{7E5D7BD6-4C9C-4DC6-B266-31F2F44C3926}.Debug|Any CPU.Build.0 = Debug|Any CPU
		{7E5D7BD6-4C9C-4DC6-B266-31F2F44C3926}.Release|Any CPU.ActiveCfg = Release|Any CPU
		{7E5D7BD6-4C9C-4DC6-B266-31F2F44C3926}.Release|Any CPU.Build.0 = Release|Any CPU
	EndGlobalSection
	GlobalSection(SolutionProperties) = preSolution
		HideSolutionNode = FALSE
	EndGlobalSection
	GlobalSection(ExtensibilityGlobals) = postSolution
		SolutionGuid = {44D28FF1-C223-45D0-830D-5878297B08C6}
	EndGlobalSection
EndGlobal
